
Microsoft Visual Studio Solution File, Format Version 12.00
# Visual Studio Version 16
VisualStudioVersion = 16.0.31911.196
MinimumVisualStudioVersion = 10.0.40219.1
Project("{FAE04EC0-301F-11D3-BF4B-00C04F79EFBC}") = "UploadTransaction_System", "UploadTransaction_System\UploadTransaction_System.csproj", "{E8E62718-5C79-45A9-8BF2-DE403F9B3464}"
EndProject
Global
	GlobalSection(SolutionConfigurationPlatforms) = preSolution
		Debug|Any CPU = Debug|Any CPU
		Release|Any CPU = Release|Any CPU
	EndGlobalSection
	GlobalSection(ProjectConfigurationPlatforms) = postSolution
		{E8E62718-5C79-45A9-8BF2-DE403F9B3464}.Debug|Any CPU.ActiveCfg = Debug|Any CPU
		{E8E62718-5C79-45A9-8BF2-DE403F9B3464}.Debug|Any CPU.Build.0 = Debug|Any CPU
		{E8E62718-5C79-45A9-8BF2-DE403F9B3464}.Release|Any CPU.ActiveCfg = Release|Any CPU
		{E8E62718-5C79-45A9-8BF2-DE403F9B3464}.Release|Any CPU.Build.0 = Release|Any CPU
	EndGlobalSection
	GlobalSection(SolutionProperties) = preSolution
		HideSolutionNode = FALSE
	EndGlobalSection
	GlobalSection(ExtensibilityGlobals) = postSolution
		SolutionGuid = {3E14019F-E2E5-44FA-95F8-8177E20456D4}
	EndGlobalSection
EndGlobal
